
Microsoft Visual Studio Solution File, Format Version 12.00
Project("{FAE04EC0-301F-11D3-BF4B-00C04F79EFBC}") = "Weather", "Weather\Weather.csproj", "{BA6D1F91-C31F-49DC-9AA6-C64085A36BA6}"
EndProject
Global
	GlobalSection(SolutionConfigurationPlatforms) = preSolution
		Debug|Any CPU = Debug|Any CPU
		Release|Any CPU = Release|Any CPU
	EndGlobalSection
	GlobalSection(ProjectConfigurationPlatforms) = postSolution
		{BA6D1F91-C31F-49DC-9AA6-C64085A36BA6}.Debug|Any CPU.ActiveCfg = Debug|Any CPU
		{BA6D1F91-C31F-49DC-9AA6-C64085A36BA6}.Debug|Any CPU.Build.0 = Debug|Any CPU
		{BA6D1F91-C31F-49DC-9AA6-C64085A36BA6}.Release|Any CPU.ActiveCfg = Release|Any CPU
		{BA6D1F91-C31F-49DC-9AA6-C64085A36BA6}.Release|Any CPU.Build.0 = Release|Any CPU
	EndGlobalSection
EndGlobal
